
Microsoft Visual Studio Solution File, Format Version 12.00
# Visual Studio Version 17
VisualStudioVersion = 17.2.32526.322
MinimumVisualStudioVersion = 10.0.40219.1
Project("{FAE04EC0-301F-11D3-BF4B-00C04F79EFBC}") = "Hermetic mannegment", "Hermetic mannegment.csproj", "{9315CDBF-9FAB-486B-89C1-FC14A2CCAD8E}"
EndProject
Global
	GlobalSection(SolutionConfigurationPlatforms) = preSolution
		Debug|Any CPU = Debug|Any CPU
		Release|Any CPU = Release|Any CPU
	EndGlobalSection
	GlobalSection(ProjectConfigurationPlatforms) = postSolution
		{9315CDBF-9FAB-486B-89C1-FC14A2CCAD8E}.Debug|Any CPU.ActiveCfg = Debug|Any CPU
		{9315CDBF-9FAB-486B-89C1-FC14A2CCAD8E}.Debug|Any CPU.Build.0 = Debug|Any CPU
		{9315CDBF-9FAB-486B-89C1-FC14A2CCAD8E}.Release|Any CPU.ActiveCfg = Release|Any CPU
		{9315CDBF-9FAB-486B-89C1-FC14A2CCAD8E}.Release|Any CPU.Build.0 = Release|Any CPU
	EndGlobalSection
	GlobalSection(SolutionProperties) = preSolution
		HideSolutionNode = FALSE
	EndGlobalSection
	GlobalSection(ExtensibilityGlobals) = postSolution
		SolutionGuid = {80CEB06F-5F21-4285-927F-EAADFF1F54E5}
	EndGlobalSection
EndGlobal
